
Microsoft Visual Studio Solution File, Format Version 12.00
# Visual Studio Version 17
VisualStudioVersion = 17.14.36518.9 d17.14
MinimumVisualStudioVersion = 10.0.40219.1
Project("{FAE04EC0-301F-11D3-BF4B-00C04F79EFBC}") = "ReadSequentialAccessFile", "ReadSequentialAccessFile\ReadSequentialAccessFile.csproj", "{B8A9249A-8948-4197-B01E-1B6161D71F3E}"
EndProject
Global
	GlobalSection(SolutionConfigurationPlatforms) = preSolution
		Debug|Any CPU = Debug|Any CPU
		Release|Any CPU = Release|Any CPU
	EndGlobalSection
	GlobalSection(ProjectConfigurationPlatforms) = postSolution
		{B8A9249A-8948-4197-B01E-1B6161D71F3E}.Debug|Any CPU.ActiveCfg = Debug|Any CPU
		{B8A9249A-8948-4197-B01E-1B6161D71F3E}.Debug|Any CPU.Build.0 = Debug|Any CPU
		{B8A9249A-8948-4197-B01E-1B6161D71F3E}.Release|Any CPU.ActiveCfg = Release|Any CPU
		{B8A9249A-8948-4197-B01E-1B6161D71F3E}.Release|Any CPU.Build.0 = Release|Any CPU
	EndGlobalSection
	GlobalSection(SolutionProperties) = preSolution
		HideSolutionNode = FALSE
	EndGlobalSection
	GlobalSection(ExtensibilityGlobals) = postSolution
		SolutionGuid = {A28B0EC5-DBE9-4EF9-8BDE-6B62B8A5FAC6}
	EndGlobalSection
EndGlobal
