
Microsoft Visual Studio Solution File, Format Version 12.00
# Visual Studio Version 17
VisualStudioVersion = 17.14.36518.9 d17.14
MinimumVisualStudioVersion = 10.0.40219.1
Project("{FAE04EC0-301F-11D3-BF4B-00C04F79EFBC}") = "CreditInquiryProgram", "CreditInquiryProgram\CreditInquiryProgram.csproj", "{649752C1-6FC6-4B19-9FCB-86739999F938}"
EndProject
Global
	GlobalSection(SolutionConfigurationPlatforms) = preSolution
		Debug|Any CPU = Debug|Any CPU
		Release|Any CPU = Release|Any CPU
	EndGlobalSection
	GlobalSection(ProjectConfigurationPlatforms) = postSolution
		{649752C1-6FC6-4B19-9FCB-86739999F938}.Debug|Any CPU.ActiveCfg = Debug|Any CPU
		{649752C1-6FC6-4B19-9FCB-86739999F938}.Debug|Any CPU.Build.0 = Debug|Any CPU
		{649752C1-6FC6-4B19-9FCB-86739999F938}.Release|Any CPU.ActiveCfg = Release|Any CPU
		{649752C1-6FC6-4B19-9FCB-86739999F938}.Release|Any CPU.Build.0 = Release|Any CPU
	EndGlobalSection
	GlobalSection(SolutionProperties) = preSolution
		HideSolutionNode = FALSE
	EndGlobalSection
	GlobalSection(ExtensibilityGlobals) = postSolution
		SolutionGuid = {C3EB862E-6C8F-4481-AD5D-0DF740D6C030}
	EndGlobalSection
EndGlobal
