
Microsoft Visual Studio Solution File, Format Version 12.00
# Visual Studio Version 17
VisualStudioVersion = 17.14.37111.16 d17.14
MinimumVisualStudioVersion = 10.0.40219.1
Project("{FAE04EC0-301F-11D3-BF4B-00C04F79EFBC}") = "ReadSerializationData", "ReadSerializationData\ReadSerializationData.csproj", "{78573569-25C0-4843-B267-AC54CAB33A3B}"
EndProject
Global
	GlobalSection(SolutionConfigurationPlatforms) = preSolution
		Debug|Any CPU = Debug|Any CPU
		Release|Any CPU = Release|Any CPU
	EndGlobalSection
	GlobalSection(ProjectConfigurationPlatforms) = postSolution
		{78573569-25C0-4843-B267-AC54CAB33A3B}.Debug|Any CPU.ActiveCfg = Debug|Any CPU
		{78573569-25C0-4843-B267-AC54CAB33A3B}.Debug|Any CPU.Build.0 = Debug|Any CPU
		{78573569-25C0-4843-B267-AC54CAB33A3B}.Release|Any CPU.ActiveCfg = Release|Any CPU
		{78573569-25C0-4843-B267-AC54CAB33A3B}.Release|Any CPU.Build.0 = Release|Any CPU
	EndGlobalSection
	GlobalSection(SolutionProperties) = preSolution
		HideSolutionNode = FALSE
	EndGlobalSection
	GlobalSection(ExtensibilityGlobals) = postSolution
		SolutionGuid = {AE54AD6B-8A95-4EFF-BF33-F07CFC85C99F}
	EndGlobalSection
EndGlobal
